// !$*UTF8*$!
{
	archiveVersion = 1;
	classes = {
	};
	objectVersion = 55;
	objects = {

/* Begin PBXBuildFile section */
		6E0D63F227972E800059FE23 /* web3swift in Frameworks */ = {isa = PBXBuildFile; productRef = 6E0D63F127972E800059FE23 /* web3swift */; };
		6E0D63FA27972F760059FE23 /* Wallet.swift in Sources */ = {isa = PBXBuildFile; fileRef = 6E0D63F427972F750059FE23 /* Wallet.swift */; };
		6E0D63FC27972F760059FE23 /* ContractHelpers.swift in Sources */ = {isa = PBXBuildFile; fileRef = 6E0D63F627972F750059FE23 /* ContractHelpers.swift */; };
		6E0D63FD27972F760059FE23 /* ProjectContract.swift in Sources */ = {isa = PBXBuildFile; fileRef = 6E0D63F727972F760059FE23 /* ProjectContract.swift */; };
		6E0D63FE27972F760059FE23 /* Networks.swift in Sources */ = {isa = PBXBuildFile; fileRef = 6E0D63F827972F760059FE23 /* Networks.swift */; };
		6E0D63FF27972F760059FE23 /* ContractCompoents.swift in Sources */ = {isa = PBXBuildFile; fileRef = 6E0D63F927972F760059FE23 /* ContractCompoents.swift */; };
		6E0D640127972FF10059FE23 /* web3-View.swift in Sources */ = {isa = PBXBuildFile; fileRef = 6E0D640027972FF10059FE23 /* web3-View.swift */; };
		6E4451962796B7AE0095B0B6 /* ESP_relayApp.swift in Sources */ = {isa = PBXBuildFile; fileRef = 6E4451952796B7AE0095B0B6 /* ESP_relayApp.swift */; };
		6E4451982796B7AE0095B0B6 /* ContentView.swift in Sources */ = {isa = PBXBuildFile; fileRef = 6E4451972796B7AE0095B0B6 /* ContentView.swift */; };
		6E44519A2796B7AE0095B0B6 /* Assets.xcassets in Resources */ = {isa = PBXBuildFile; fileRef = 6E4451992796B7AE0095B0B6 /* Assets.xcassets */; };
		6E44519D2796B7AE0095B0B6 /* Preview Assets.xcassets in Resources */ = {isa = PBXBuildFile; fileRef = 6E44519C2796B7AE0095B0B6 /* Preview Assets.xcassets */; };
		6E4451A72796B7AE0095B0B6 /* ESP_relayTests.swift in Sources */ = {isa = PBXBuildFile; fileRef = 6E4451A62796B7AE0095B0B6 /* ESP_relayTests.swift */; };
		6E4451B12796B7AE0095B0B6 /* ESP_relayUITests.swift in Sources */ = {isa = PBXBuildFile; fileRef = 6E4451B02796B7AE0095B0B6 /* ESP_relayUITests.swift */; };
		6E4451B32796B7AE0095B0B6 /* ESP_relayUITestsLaunchTests.swift in Sources */ = {isa = PBXBuildFile; fileRef = 6E4451B22796B7AE0095B0B6 /* ESP_relayUITestsLaunchTests.swift */; };
		6E4451C62796B9380095B0B6 /* FirebaseDatabase in Frameworks */ = {isa = PBXBuildFile; productRef = 6E4451C52796B9380095B0B6 /* FirebaseDatabase */; };
		6E4451C82796B9380095B0B6 /* FirebaseDatabaseSwift-Beta in Frameworks */ = {isa = PBXBuildFile; productRef = 6E4451C72796B9380095B0B6 /* FirebaseDatabaseSwift-Beta */; };
		6E4451CA2796B9380095B0B6 /* FirebaseFirestore in Frameworks */ = {isa = PBXBuildFile; productRef = 6E4451C92796B9380095B0B6 /* FirebaseFirestore */; };
		6E4451CC2796B9380095B0B6 /* FirebaseFirestoreSwift-Beta in Frameworks */ = {isa = PBXBuildFile; productRef = 6E4451CB2796B9380095B0B6 /* FirebaseFirestoreSwift-Beta */; };
		6E4451CE2796B9380095B0B6 /* FirebaseStorage in Frameworks */ = {isa = PBXBuildFile; productRef = 6E4451CD2796B9380095B0B6 /* FirebaseStorage */; };
		6E4451D02796B9380095B0B6 /* FirebaseStorageSwift-Beta in Frameworks */ = {isa = PBXBuildFile; productRef = 6E4451CF2796B9380095B0B6 /* FirebaseStorageSwift-Beta */; };
		6E53978F279831D6004C6A58 /* ESP32-Model.swift in Sources */ = {isa = PBXBuildFile; fileRef = 6E53978E279831D6004C6A58 /* ESP32-Model.swift */; };
		6E539791279831EF004C6A58 /* ESP32View.swift in Sources */ = {isa = PBXBuildFile; fileRef = 6E539790279831EF004C6A58 /* ESP32View.swift */; };
		6E5397932798363E004C6A58 /* MarsView.swift in Sources */ = {isa = PBXBuildFile; fileRef = 6E5397922798363E004C6A58 /* MarsView.swift */; };
		6E539795279839E5004C6A58 /* BlockChainView.swift in Sources */ = {isa = PBXBuildFile; fileRef = 6E539794279839E5004C6A58 /* BlockChainView.swift */; };
		6E53979727983AC6004C6A58 /* TemperatureView.swift in Sources */ = {isa = PBXBuildFile; fileRef = 6E53979627983AC6004C6A58 /* TemperatureView.swift */; };
		CCE6434A27DF622400BA7857 /* GoogleService-Info.plist in Resources */ = {isa = PBXBuildFile; fileRef = CCE6434927DF622400BA7857 /* GoogleService-Info.plist */; };
/* End PBXBuildFile section */

/* Begin PBXContainerItemProxy section */
		6E4451A32796B7AE0095B0B6 /* PBXContainerItemProxy */ = {
			isa = PBXContainerItemProxy;
			containerPortal = 6E44518A2796B7AE0095B0B6 /* Project object */;
			proxyType = 1;
			remoteGlobalIDString = 6E4451912796B7AE0095B0B6;
			remoteInfo = "ESP-relay";
		};
		6E4451AD2796B7AE0095B0B6 /* PBXContainerItemProxy */ = {
			isa = PBXContainerItemProxy;
			containerPortal = 6E44518A2796B7AE0095B0B6 /* Project object */;
			proxyType = 1;
			remoteGlobalIDString = 6E4451912796B7AE0095B0B6;
			remoteInfo = "ESP-relay";
		};
/* End PBXContainerItemProxy section */

/* Begin PBXFileReference section */
		6E0D63F427972F750059FE23 /* Wallet.swift */ = {isa = PBXFileReference; fileEncoding = 4; lastKnownFileType = sourcecode.swift; path = Wallet.swift; sourceTree = "<group>"; };
		6E0D63F627972F750059FE23 /* ContractHelpers.swift */ = {isa = PBXFileReference; fileEncoding = 4; lastKnownFileType = sourcecode.swift; path = ContractHelpers.swift; sourceTree = "<group>"; };
		6E0D63F727972F760059FE23 /* ProjectContract.swift */ = {isa = PBXFileReference; fileEncoding = 4; lastKnownFileType = sourcecode.swift; path = ProjectContract.swift; sourceTree = "<group>"; };
		6E0D63F827972F760059FE23 /* Networks.swift */ = {isa = PBXFileReference; fileEncoding = 4; lastKnownFileType = sourcecode.swift; path = Networks.swift; sourceTree = "<group>"; };
		6E0D63F927972F760059FE23 /* ContractCompoents.swift */ = {isa = PBXFileReference; fileEncoding = 4; lastKnownFileType = sourcecode.swift; path = ContractCompoents.swift; sourceTree = "<group>"; };
		6E0D640027972FF10059FE23 /* web3-View.swift */ = {isa = PBXFileReference; lastKnownFileType = sourcecode.swift; path = "web3-View.swift"; sourceTree = "<group>"; };
		6E4451922796B7AE0095B0B6 /* ESP-relay.app */ = {isa = PBXFileReference; explicitFileType = wrapper.application; includeInIndex = 0; path = "ESP-relay.app"; sourceTree = BUILT_PRODUCTS_DIR; };
		6E4451952796B7AE0095B0B6 /* ESP_relayApp.swift */ = {isa = PBXFileReference; lastKnownFileType = sourcecode.swift; path = ESP_relayApp.swift; sourceTree = "<group>"; };
		6E4451972796B7AE0095B0B6 /* ContentView.swift */ = {isa = PBXFileReference; lastKnownFileType = sourcecode.swift; path = ContentView.swift; sourceTree = "<group>"; };
		6E4451992796B7AE0095B0B6 /* Assets.xcassets */ = {isa = PBXFileReference; lastKnownFileType = folder.assetcatalog; path = Assets.xcassets; sourceTree = "<group>"; };
		6E44519C2796B7AE0095B0B6 /* Preview Assets.xcassets */ = {isa = PBXFileReference; lastKnownFileType = folder.assetcatalog; path = "Preview Assets.xcassets"; sourceTree = "<group>"; };
		6E4451A22796B7AE0095B0B6 /* ESP-relayTests.xctest */ = {isa = PBXFileReference; explicitFileType = wrapper.cfbundle; includeInIndex = 0; path = "ESP-relayTests.xctest"; sourceTree = BUILT_PRODUCTS_DIR; };
		6E4451A62796B7AE0095B0B6 /* ESP_relayTests.swift */ = {isa = PBXFileReference; lastKnownFileType = sourcecode.swift; path = ESP_relayTests.swift; sourceTree = "<group>"; };
		6E4451AC2796B7AE0095B0B6 /* ESP-relayUITests.xctest */ = {isa = PBXFileReference; explicitFileType = wrapper.cfbundle; includeInIndex = 0; path = "ESP-relayUITests.xctest"; sourceTree = BUILT_PRODUCTS_DIR; };
		6E4451B02796B7AE0095B0B6 /* ESP_relayUITests.swift */ = {isa = PBXFileReference; lastKnownFileType = sourcecode.swift; path = ESP_relayUITests.swift; sourceTree = "<group>"; };
		6E4451B22796B7AE0095B0B6 /* ESP_relayUITestsLaunchTests.swift */ = {isa = PBXFileReference; lastKnownFileType = sourcecode.swift; path = ESP_relayUITestsLaunchTests.swift; sourceTree = "<group>"; };
		6E53978E279831D6004C6A58 /* ESP32-Model.swift */ = {isa = PBXFileReference; lastKnownFileType = sourcecode.swift; path = "ESP32-Model.swift"; sourceTree = "<group>"; };
		6E539790279831EF004C6A58 /* ESP32View.swift */ = {isa = PBXFileReference; lastKnownFileType = sourcecode.swift; path = ESP32View.swift; sourceTree = "<group>"; };
		6E5397922798363E004C6A58 /* MarsView.swift */ = {isa = PBXFileReference; fileEncoding = 4; lastKnownFileType = sourcecode.swift; path = MarsView.swift; sourceTree = "<group>"; };
		6E539794279839E5004C6A58 /* BlockChainView.swift */ = {isa = PBXFileReference; fileEncoding = 4; lastKnownFileType = sourcecode.swift; path = BlockChainView.swift; sourceTree = "<group>"; };
		6E53979627983AC6004C6A58 /* TemperatureView.swift */ = {isa = PBXFileReference; fileEncoding = 4; lastKnownFileType = sourcecode.swift; path = TemperatureView.swift; sourceTree = "<group>"; };
		CCE6434927DF622400BA7857 /* GoogleService-Info.plist */ = {isa = PBXFileReference; fileEncoding = 4; lastKnownFileType = text.plist.xml; path = "GoogleService-Info.plist"; sourceTree = "<group>"; };
/* End PBXFileReference section */

/* Begin PBXFrameworksBuildPhase section */
		6E44518F2796B7AE0095B0B6 /* Frameworks */ = {
			isa = PBXFrameworksBuildPhase;
			buildActionMask = 2147483647;
			files = (
				6E4451C82796B9380095B0B6 /* FirebaseDatabaseSwift-Beta in Frameworks */,
				6E0D63F227972E800059FE23 /* web3swift in Frameworks */,
				6E4451CC2796B9380095B0B6 /* FirebaseFirestoreSwift-Beta in Frameworks */,
				6E4451C62796B9380095B0B6 /* FirebaseDatabase in Frameworks */,
				6E4451CE2796B9380095B0B6 /* FirebaseStorage in Frameworks */,
				6E4451CA2796B9380095B0B6 /* FirebaseFirestore in Frameworks */,
				6E4451D02796B9380095B0B6 /* FirebaseStorageSwift-Beta in Frameworks */,
			);
			runOnlyForDeploymentPostprocessing = 0;
		};
		6E44519F2796B7AE0095B0B6 /* Frameworks */ = {
			isa = PBXFrameworksBuildPhase;
			buildActionMask = 2147483647;
			files = (
			);
			runOnlyForDeploymentPostprocessing = 0;
		};
		6E4451A92796B7AE0095B0B6 /* Frameworks */ = {
			isa = PBXFrameworksBuildPhase;
			buildActionMask = 2147483647;
			files = (
			);
			runOnlyForDeploymentPostprocessing = 0;
		};
/* End PBXFrameworksBuildPhase section */

/* Begin PBXGroup section */
		6E0D63F327972F430059FE23 /* web3 */ = {
			isa = PBXGroup;
			children = (
				6E0D63F727972F760059FE23 /* ProjectContract.swift */,
				6E0D63F827972F760059FE23 /* Networks.swift */,
				6E0D63F627972F750059FE23 /* ContractHelpers.swift */,
				6E0D63F927972F760059FE23 /* ContractCompoents.swift */,
				6E0D63F427972F750059FE23 /* Wallet.swift */,
				6E0D640027972FF10059FE23 /* web3-View.swift */,
			);
			path = web3;
			sourceTree = "<group>";
		};
		6E4451892796B7AE0095B0B6 = {
			isa = PBXGroup;
			children = (
				6E4451942796B7AE0095B0B6 /* ESP-relay */,
				6E4451A52796B7AE0095B0B6 /* ESP-relayTests */,
				6E4451AF2796B7AE0095B0B6 /* ESP-relayUITests */,
				6E4451932796B7AE0095B0B6 /* Products */,
			);
			sourceTree = "<group>";
		};
		6E4451932796B7AE0095B0B6 /* Products */ = {
			isa = PBXGroup;
			children = (
				6E4451922796B7AE0095B0B6 /* ESP-relay.app */,
				6E4451A22796B7AE0095B0B6 /* ESP-relayTests.xctest */,
				6E4451AC2796B7AE0095B0B6 /* ESP-relayUITests.xctest */,
			);
			name = Products;
			sourceTree = "<group>";
		};
		6E4451942796B7AE0095B0B6 /* ESP-relay */ = {
			isa = PBXGroup;
			children = (
				CCE6434927DF622400BA7857 /* GoogleService-Info.plist */,
				6E4451952796B7AE0095B0B6 /* ESP_relayApp.swift */,
				6E4451972796B7AE0095B0B6 /* ContentView.swift */,
				6E53978D27983092004C6A58 /* ESP32 */,
				6E0D63F327972F430059FE23 /* web3 */,
				6E4451992796B7AE0095B0B6 /* Assets.xcassets */,
				6E44519B2796B7AE0095B0B6 /* Preview Content */,
			);
			path = "ESP-relay";
			sourceTree = "<group>";
		};
		6E44519B2796B7AE0095B0B6 /* Preview Content */ = {
			isa = PBXGroup;
			children = (
				6E44519C2796B7AE0095B0B6 /* Preview Assets.xcassets */,
			);
			path = "Preview Content";
			sourceTree = "<group>";
		};
		6E4451A52796B7AE0095B0B6 /* ESP-relayTests */ = {
			isa = PBXGroup;
			children = (
				6E4451A62796B7AE0095B0B6 /* ESP_relayTests.swift */,
			);
			path = "ESP-relayTests";
			sourceTree = "<group>";
		};
		6E4451AF2796B7AE0095B0B6 /* ESP-relayUITests */ = {
			isa = PBXGroup;
			children = (
				6E4451B02796B7AE0095B0B6 /* ESP_relayUITests.swift */,
				6E4451B22796B7AE0095B0B6 /* ESP_relayUITestsLaunchTests.swift */,
			);
			path = "ESP-relayUITests";
			sourceTree = "<group>";
		};
		6E53978D27983092004C6A58 /* ESP32 */ = {
			isa = PBXGroup;
			children = (
				6E539794279839E5004C6A58 /* BlockChainView.swift */,
				6E53979627983AC6004C6A58 /* TemperatureView.swift */,
				6E5397922798363E004C6A58 /* MarsView.swift */,
				6E53978E279831D6004C6A58 /* ESP32-Model.swift */,
				6E539790279831EF004C6A58 /* ESP32View.swift */,
			);
			path = ESP32;
			sourceTree = "<group>";
		};
/* End PBXGroup section */

/* Begin PBXNativeTarget section */
		6E4451912796B7AE0095B0B6 /* ESP-relay */ = {
			isa = PBXNativeTarget;
			buildConfigurationList = 6E4451B62796B7AE0095B0B6 /* Build configuration list for PBXNativeTarget "ESP-relay" */;
			buildPhases = (
				6E44518E2796B7AE0095B0B6 /* Sources */,
				6E44518F2796B7AE0095B0B6 /* Frameworks */,
				6E4451902796B7AE0095B0B6 /* Resources */,
			);
			buildRules = (
			);
			dependencies = (
			);
			name = "ESP-relay";
			packageProductDependencies = (
				6E4451C52796B9380095B0B6 /* FirebaseDatabase */,
				6E4451C72796B9380095B0B6 /* FirebaseDatabaseSwift-Beta */,
				6E4451C92796B9380095B0B6 /* FirebaseFirestore */,
				6E4451CB2796B9380095B0B6 /* FirebaseFirestoreSwift-Beta */,
				6E4451CD2796B9380095B0B6 /* FirebaseStorage */,
				6E4451CF2796B9380095B0B6 /* FirebaseStorageSwift-Beta */,
				6E0D63F127972E800059FE23 /* web3swift */,
			);
			productName = "ESP-relay";
			productReference = 6E4451922796B7AE0095B0B6 /* ESP-relay.app */;
			productType = "com.apple.product-type.application";
		};
		6E4451A12796B7AE0095B0B6 /* ESP-relayTests */ = {
			isa = PBXNativeTarget;
			buildConfigurationList = 6E4451B92796B7AE0095B0B6 /* Build configuration list for PBXNativeTarget "ESP-relayTests" */;
			buildPhases = (
				6E44519E2796B7AE0095B0B6 /* Sources */,
				6E44519F2796B7AE0095B0B6 /* Frameworks */,
				6E4451A02796B7AE0095B0B6 /* Resources */,
			);
			buildRules = (
			);
			dependencies = (
				6E4451A42796B7AE0095B0B6 /* PBXTargetDependency */,
			);
			name = "ESP-relayTests";
			productName = "ESP-relayTests";
			productReference = 6E4451A22796B7AE0095B0B6 /* ESP-relayTests.xctest */;
			productType = "com.apple.product-type.bundle.unit-test";
		};
		6E4451AB2796B7AE0095B0B6 /* ESP-relayUITests */ = {
			isa = PBXNativeTarget;
			buildConfigurationList = 6E4451BC2796B7AE0095B0B6 /* Build configuration list for PBXNativeTarget "ESP-relayUITests" */;
			buildPhases = (
				6E4451A82796B7AE0095B0B6 /* Sources */,
				6E4451A92796B7AE0095B0B6 /* Frameworks */,
				6E4451AA2796B7AE0095B0B6 /* Resources */,
			);
			buildRules = (
			);
			dependencies = (
				6E4451AE2796B7AE0095B0B6 /* PBXTargetDependency */,
			);
			name = "ESP-relayUITests";
			productName = "ESP-relayUITests";
			productReference = 6E4451AC2796B7AE0095B0B6 /* ESP-relayUITests.xctest */;
			productType = "com.apple.product-type.bundle.ui-testing";
		};
/* End PBXNativeTarget section */

/* Begin PBXProject section */
		6E44518A2796B7AE0095B0B6 /* Project object */ = {
			isa = PBXProject;
			attributes = {
				BuildIndependentTargetsInParallel = 1;
				LastSwiftUpdateCheck = 1310;
				LastUpgradeCheck = 1310;
				TargetAttributes = {
					6E4451912796B7AE0095B0B6 = {
						CreatedOnToolsVersion = 13.1;
					};
					6E4451A12796B7AE0095B0B6 = {
						CreatedOnToolsVersion = 13.1;
						TestTargetID = 6E4451912796B7AE0095B0B6;
					};
					6E4451AB2796B7AE0095B0B6 = {
						CreatedOnToolsVersion = 13.1;
						TestTargetID = 6E4451912796B7AE0095B0B6;
					};
				};
			};
			buildConfigurationList = 6E44518D2796B7AE0095B0B6 /* Build configuration list for PBXProject "ESP-relay" */;
			compatibilityVersion = "Xcode 13.0";
			developmentRegion = en;
			hasScannedForEncodings = 0;
			knownRegions = (
				en,
				Base,
			);
			mainGroup = 6E4451892796B7AE0095B0B6;
			packageReferences = (
				6E4451C42796B9380095B0B6 /* XCRemoteSwiftPackageReference "firebase-ios-sdk" */,
				6E0D63F027972E800059FE23 /* XCRemoteSwiftPackageReference "web3swift" */,
			);
			productRefGroup = 6E4451932796B7AE0095B0B6 /* Products */;
			projectDirPath = "";
			projectRoot = "";
			targets = (
				6E4451912796B7AE0095B0B6 /* ESP-relay */,
				6E4451A12796B7AE0095B0B6 /* ESP-relayTests */,
				6E4451AB2796B7AE0095B0B6 /* ESP-relayUITests */,
			);
		};
/* End PBXProject section */

/* Begin PBXResourcesBuildPhase section */
		6E4451902796B7AE0095B0B6 /* Resources */ = {
			isa = PBXResourcesBuildPhase;
			buildActionMask = 2147483647;
			files = (
				6E44519D2796B7AE0095B0B6 /* Preview Assets.xcassets in Resources */,
				CCE6434A27DF622400BA7857 /* GoogleService-Info.plist in Resources */,
				6E44519A2796B7AE0095B0B6 /* Assets.xcassets in Resources */,
			);
			runOnlyForDeploymentPostprocessing = 0;
		};
		6E4451A02796B7AE0095B0B6 /* Resources */ = {
			isa = PBXResourcesBuildPhase;
			buildActionMask = 2147483647;
			files = (
			);
			runOnlyForDeploymentPostprocessing = 0;
		};
		6E4451AA2796B7AE0095B0B6 /* Resources */ = {
			isa = PBXResourcesBuildPhase;
			buildActionMask = 2147483647;
			files = (
			);
			runOnlyForDeploymentPostprocessing = 0;
		};
/* End PBXResourcesBuildPhase section */

/* Begin PBXSourcesBuildPhase section */
		6E44518E2796B7AE0095B0B6 /* Sources */ = {
			isa = PBXSourcesBuildPhase;
			buildActionMask = 2147483647;
			files = (
				6E0D640127972FF10059FE23 /* web3-View.swift in Sources */,
				6E0D63FF27972F760059FE23 /* ContractCompoents.swift in Sources */,
				6E0D63FC27972F760059FE23 /* ContractHelpers.swift in Sources */,
				6E53978F279831D6004C6A58 /* ESP32-Model.swift in Sources */,
				6E539791279831EF004C6A58 /* ESP32View.swift in Sources */,
				6E0D63FA27972F760059FE23 /* Wallet.swift in Sources */,
				6E5397932798363E004C6A58 /* MarsView.swift in Sources */,
				6E4451982796B7AE0095B0B6 /* ContentView.swift in Sources */,
				6E539795279839E5004C6A58 /* BlockChainView.swift in Sources */,
				6E0D63FD27972F760059FE23 /* ProjectContract.swift in Sources */,
				6E53979727983AC6004C6A58 /* TemperatureView.swift in Sources */,
				6E0D63FE27972F760059FE23 /* Networks.swift in Sources */,
				6E4451962796B7AE0095B0B6 /* ESP_relayApp.swift in Sources */,
			);
			runOnlyForDeploymentPostprocessing = 0;
		};
		6E44519E2796B7AE0095B0B6 /* Sources */ = {
			isa = PBXSourcesBuildPhase;
			buildActionMask = 2147483647;
			files = (
				6E4451A72796B7AE0095B0B6 /* ESP_relayTests.swift in Sources */,
			);
			runOnlyForDeploymentPostprocessing = 0;
		};
		6E4451A82796B7AE0095B0B6 /* Sources */ = {
			isa = PBXSourcesBuildPhase;
			buildActionMask = 2147483647;
			files = (
				6E4451B12796B7AE0095B0B6 /* ESP_relayUITests.swift in Sources */,
				6E4451B32796B7AE0095B0B6 /* ESP_relayUITestsLaunchTests.swift in Sources */,
			);
			runOnlyForDeploymentPostprocessing = 0;
		};
/* End PBXSourcesBuildPhase section */

/* Begin PBXTargetDependency section */
		6E4451A42796B7AE0095B0B6 /* PBXTargetDependency */ = {
			isa = PBXTargetDependency;
			target = 6E4451912796B7AE0095B0B6 /* ESP-relay */;
			targetProxy = 6E4451A32796B7AE0095B0B6 /* PBXContainerItemProxy */;
		};
		6E4451AE2796B7AE0095B0B6 /* PBXTargetDependency */ = {
			isa = PBXTargetDependency;
			target = 6E4451912796B7AE0095B0B6 /* ESP-relay */;
			targetProxy = 6E4451AD2796B7AE0095B0B6 /* PBXContainerItemProxy */;
		};
/* End PBXTargetDependency section */

/* Begin XCBuildConfiguration section */
		6E4451B42796B7AE0095B0B6 /* Debug */ = {
			isa = XCBuildConfiguration;
			buildSettings = {
				ALWAYS_SEARCH_USER_PATHS = NO;
				CLANG_ANALYZER_NONNULL = YES;
				CLANG_ANALYZER_NUMBER_OBJECT_CONVERSION = YES_AGGRESSIVE;
				CLANG_CXX_LANGUAGE_STANDARD = "gnu++17";
				CLANG_CXX_LIBRARY = "libc++";
				CLANG_ENABLE_MODULES = YES;
				CLANG_ENABLE_OBJC_ARC = YES;
				CLANG_ENABLE_OBJC_WEAK = YES;
				CLANG_WARN_BLOCK_CAPTURE_AUTORELEASING = YES;
				CLANG_WARN_BOOL_CONVERSION = YES;
				CLANG_WARN_COMMA = YES;
				CLANG_WARN_CONSTANT_CONVERSION = YES;
				CLANG_WARN_DEPRECATED_OBJC_IMPLEMENTATIONS = YES;
				CLANG_WARN_DIRECT_OBJC_ISA_USAGE = YES_ERROR;
				CLANG_WARN_DOCUMENTATION_COMMENTS = YES;
				CLANG_WARN_EMPTY_BODY = YES;
				CLANG_WARN_ENUM_CONVERSION = YES;
				CLANG_WARN_INFINITE_RECURSION = YES;
				CLANG_WARN_INT_CONVERSION = YES;
				CLANG_WARN_NON_LITERAL_NULL_CONVERSION = YES;
				CLANG_WARN_OBJC_IMPLICIT_RETAIN_SELF = YES;
				CLANG_WARN_OBJC_LITERAL_CONVERSION = YES;
				CLANG_WARN_OBJC_ROOT_CLASS = YES_ERROR;
				CLANG_WARN_QUOTED_INCLUDE_IN_FRAMEWORK_HEADER = YES;
				CLANG_WARN_RANGE_LOOP_ANALYSIS = YES;
				CLANG_WARN_STRICT_PROTOTYPES = YES;
				CLANG_WARN_SUSPICIOUS_MOVE = YES;
				CLANG_WARN_UNGUARDED_AVAILABILITY = YES_AGGRESSIVE;
				CLANG_WARN_UNREACHABLE_CODE = YES;
				CLANG_WARN__DUPLICATE_METHOD_MATCH = YES;
				COPY_PHASE_STRIP = NO;
				DEBUG_INFORMATION_FORMAT = dwarf;
				ENABLE_STRICT_OBJC_MSGSEND = YES;
				ENABLE_TESTABILITY = YES;
				GCC_C_LANGUAGE_STANDARD = gnu11;
				GCC_DYNAMIC_NO_PIC = NO;
				GCC_NO_COMMON_BLOCKS = YES;
				GCC_OPTIMIZATION_LEVEL = 0;
				GCC_PREPROCESSOR_DEFINITIONS = (
					"DEBUG=1",
					"$(inherited)",
				);
				GCC_WARN_64_TO_32_BIT_CONVERSION = YES;
				GCC_WARN_ABOUT_RETURN_TYPE = YES_ERROR;
				GCC_WARN_UNDECLARED_SELECTOR = YES;
				GCC_WARN_UNINITIALIZED_AUTOS = YES_AGGRESSIVE;
				GCC_WARN_UNUSED_FUNCTION = YES;
				GCC_WARN_UNUSED_VARIABLE = YES;
				IPHONEOS_DEPLOYMENT_TARGET = 15.0;
				MTL_ENABLE_DEBUG_INFO = INCLUDE_SOURCE;
				MTL_FAST_MATH = YES;
				ONLY_ACTIVE_ARCH = YES;
				SDKROOT = iphoneos;
				SWIFT_ACTIVE_COMPILATION_CONDITIONS = DEBUG;
				SWIFT_OPTIMIZATION_LEVEL = "-Onone";
			};
			name = Debug;
		};
		6E4451B52796B7AE0095B0B6 /* Release */ = {
			isa = XCBuildConfiguration;
			buildSettings = {
				ALWAYS_SEARCH_USER_PATHS = NO;
				CLANG_ANALYZER_NONNULL = YES;
				CLANG_ANALYZER_NUMBER_OBJECT_CONVERSION = YES_AGGRESSIVE;
				CLANG_CXX_LANGUAGE_STANDARD = "gnu++17";
				CLANG_CXX_LIBRARY = "libc++";
				CLANG_ENABLE_MODULES = YES;
				CLANG_ENABLE_OBJC_ARC = YES;
				CLANG_ENABLE_OBJC_WEAK = YES;
				CLANG_WARN_BLOCK_CAPTURE_AUTORELEASING = YES;
				CLANG_WARN_BOOL_CONVERSION = YES;
				CLANG_WARN_COMMA = YES;
				CLANG_WARN_CONSTANT_CONVERSION = YES;
				CLANG_WARN_DEPRECATED_OBJC_IMPLEMENTATIONS = YES;
				CLANG_WARN_DIRECT_OBJC_ISA_USAGE = YES_ERROR;
				CLANG_WARN_DOCUMENTATION_COMMENTS = YES;
				CLANG_WARN_EMPTY_BODY = YES;
				CLANG_WARN_ENUM_CONVERSION = YES;
				CLANG_WARN_INFINITE_RECURSION = YES;
				CLANG_WARN_INT_CONVERSION = YES;
				CLANG_WARN_NON_LITERAL_NULL_CONVERSION = YES;
				CLANG_WARN_OBJC_IMPLICIT_RETAIN_SELF = YES;
				CLANG_WARN_OBJC_LITERAL_CONVERSION = YES;
				CLANG_WARN_OBJC_ROOT_CLASS = YES_ERROR;
				CLANG_WARN_QUOTED_INCLUDE_IN_FRAMEWORK_HEADER = YES;
				CLANG_WARN_RANGE_LOOP_ANALYSIS = YES;
				CLANG_WARN_STRICT_PROTOTYPES = YES;
				CLANG_WARN_SUSPICIOUS_MOVE = YES;
				CLANG_WARN_UNGUARDED_AVAILABILITY = YES_AGGRESSIVE;
				CLANG_WARN_UNREACHABLE_CODE = YES;
				CLANG_WARN__DUPLICATE_METHOD_MATCH = YES;
				COPY_PHASE_STRIP = NO;
				DEBUG_INFORMATION_FORMAT = "dwarf-with-dsym";
				ENABLE_NS_ASSERTIONS = NO;
				ENABLE_STRICT_OBJC_MSGSEND = YES;
				GCC_C_LANGUAGE_STANDARD = gnu11;
				GCC_NO_COMMON_BLOCKS = YES;
				GCC_WARN_64_TO_32_BIT_CONVERSION = YES;
				GCC_WARN_ABOUT_RETURN_TYPE = YES_ERROR;
				GCC_WARN_UNDECLARED_SELECTOR = YES;
				GCC_WARN_UNINITIALIZED_AUTOS = YES_AGGRESSIVE;
				GCC_WARN_UNUSED_FUNCTION = YES;
				GCC_WARN_UNUSED_VARIABLE = YES;
				IPHONEOS_DEPLOYMENT_TARGET = 15.0;
				MTL_ENABLE_DEBUG_INFO = NO;
				MTL_FAST_MATH = YES;
				SDKROOT = iphoneos;
				SWIFT_COMPILATION_MODE = wholemodule;
				SWIFT_OPTIMIZATION_LEVEL = "-O";
				VALIDATE_PRODUCT = YES;
			};
			name = Release;
		};
		6E4451B72796B7AE0095B0B6 /* Debug */ = {
			isa = XCBuildConfiguration;
			buildSettings = {
				ASSETCATALOG_COMPILER_APPICON_NAME = AppIcon;
				ASSETCATALOG_COMPILER_GLOBAL_ACCENT_COLOR_NAME = AccentColor;
				CODE_SIGN_STYLE = Automatic;
				CURRENT_PROJECT_VERSION = 1;
				DEVELOPMENT_ASSET_PATHS = "\"ESP-relay/Preview Content\"";
				DEVELOPMENT_TEAM = 2FYTR3E5Q9;
				ENABLE_PREVIEWS = YES;
				GENERATE_INFOPLIST_FILE = YES;
				INFOPLIST_KEY_UIApplicationSceneManifest_Generation = YES;
				INFOPLIST_KEY_UIApplicationSupportsIndirectInputEvents = YES;
				INFOPLIST_KEY_UILaunchScreen_Generation = YES;
				INFOPLIST_KEY_UISupportedInterfaceOrientations_iPad = "UIInterfaceOrientationPortrait UIInterfaceOrientationPortraitUpsideDown UIInterfaceOrientationLandscapeLeft UIInterfaceOrientationLandscapeRight";
				INFOPLIST_KEY_UISupportedInterfaceOrientations_iPhone = "UIInterfaceOrientationPortrait UIInterfaceOrientationLandscapeLeft UIInterfaceOrientationLandscapeRight";
				LD_RUNPATH_SEARCH_PATHS = (
					"$(inherited)",
					"@executable_path/Frameworks",
				);
				MARKETING_VERSION = 1.0;
				PRODUCT_BUNDLE_IDENTIFIER = "IvanDosev.ESP-relay";
				PRODUCT_NAME = "$(TARGET_NAME)";
				SWIFT_EMIT_LOC_STRINGS = YES;
				SWIFT_VERSION = 5.0;
				TARGETED_DEVICE_FAMILY = "1,2";
			};
			name = Debug;
		};
		6E4451B82796B7AE0095B0B6 /* Release */ = {
			isa = XCBuildConfiguration;
			buildSettings = {
				ASSETCATALOG_COMPILER_APPICON_NAME = AppIcon;
				ASSETCATALOG_COMPILER_GLOBAL_ACCENT_COLOR_NAME = AccentColor;
				CODE_SIGN_STYLE = Automatic;
				CURRENT_PROJECT_VERSION = 1;
				DEVELOPMENT_ASSET_PATHS = "\"ESP-relay/Preview Content\"";
				DEVELOPMENT_TEAM = 2FYTR3E5Q9;
				ENABLE_PREVIEWS = YES;
				GENERATE_INFOPLIST_FILE = YES;
				INFOPLIST_KEY_UIApplicationSceneManifest_Generation = YES;
				INFOPLIST_KEY_UIApplicationSupportsIndirectInputEvents = YES;
				INFOPLIST_KEY_UILaunchScreen_Generation = YES;
				INFOPLIST_KEY_UISupportedInterfaceOrientations_iPad = "UIInterfaceOrientationPortrait UIInterfaceOrientationPortraitUpsideDown UIInterfaceOrientationLandscapeLeft UIInterfaceOrientationLandscapeRight";
				INFOPLIST_KEY_UISupportedInterfaceOrientations_iPhone = "UIInterfaceOrientationPortrait UIInterfaceOrientationLandscapeLeft UIInterfaceOrientationLandscapeRight";
				LD_RUNPATH_SEARCH_PATHS = (
					"$(inherited)",
					"@executable_path/Frameworks",
				);
				MARKETING_VERSION = 1.0;
				PRODUCT_BUNDLE_IDENTIFIER = "IvanDosev.ESP-relay";
				PRODUCT_NAME = "$(TARGET_NAME)";
				SWIFT_EMIT_LOC_STRINGS = YES;
				SWIFT_VERSION = 5.0;
				TARGETED_DEVICE_FAMILY = "1,2";
			};
			name = Release;
		};
		6E4451BA2796B7AE0095B0B6 /* Debug */ = {
			isa = XCBuildConfiguration;
			buildSettings = {
				ALWAYS_EMBED_SWIFT_STANDARD_LIBRARIES = YES;
				BUNDLE_LOADER = "$(TEST_HOST)";
				CODE_SIGN_STYLE = Automatic;
				CURRENT_PROJECT_VERSION = 1;
				DEVELOPMENT_TEAM = 2FYTR3E5Q9;
				GENERATE_INFOPLIST_FILE = YES;
				IPHONEOS_DEPLOYMENT_TARGET = 15.0;
				LD_RUNPATH_SEARCH_PATHS = (
					"$(inherited)",
					"@executable_path/Frameworks",
					"@loader_path/Frameworks",
				);
				MARKETING_VERSION = 1.0;
				PRODUCT_BUNDLE_IDENTIFIER = "IvanDosev.ESP-relayTests";
				PRODUCT_NAME = "$(TARGET_NAME)";
				SWIFT_EMIT_LOC_STRINGS = NO;
				SWIFT_VERSION = 5.0;
				TARGETED_DEVICE_FAMILY = "1,2";
				TEST_HOST = "$(BUILT_PRODUCTS_DIR)/ESP-relay.app/ESP-relay";
			};
			name = Debug;
		};
		6E4451BB2796B7AE0095B0B6 /* Release */ = {
			isa = XCBuildConfiguration;
			buildSettings = {
				ALWAYS_EMBED_SWIFT_STANDARD_LIBRARIES = YES;
				BUNDLE_LOADER = "$(TEST_HOST)";
				CODE_SIGN_STYLE = Automatic;
				CURRENT_PROJECT_VERSION = 1;
				DEVELOPMENT_TEAM = 2FYTR3E5Q9;
				GENERATE_INFOPLIST_FILE = YES;
				IPHONEOS_DEPLOYMENT_TARGET = 15.0;
				LD_RUNPATH_SEARCH_PATHS = (
					"$(inherited)",
					"@executable_path/Frameworks",
					"@loader_path/Frameworks",
				);
				MARKETING_VERSION = 1.0;
				PRODUCT_BUNDLE_IDENTIFIER = "IvanDosev.ESP-relayTests";
				PRODUCT_NAME = "$(TARGET_NAME)";
				SWIFT_EMIT_LOC_STRINGS = NO;
				SWIFT_VERSION = 5.0;
				TARGETED_DEVICE_FAMILY = "1,2";
				TEST_HOST = "$(BUILT_PRODUCTS_DIR)/ESP-relay.app/ESP-relay";
			};
			name = Release;
		};
		6E4451BD2796B7AE0095B0B6 /* Debug */ = {
			isa = XCBuildConfiguration;
			buildSettings = {
				ALWAYS_EMBED_SWIFT_STANDARD_LIBRARIES = YES;
				CODE_SIGN_STYLE = Automatic;
				CURRENT_PROJECT_VERSION = 1;
				DEVELOPMENT_TEAM = 2FYTR3E5Q9;
				GENERATE_INFOPLIST_FILE = YES;
				LD_RUNPATH_SEARCH_PATHS = (
					"$(inherited)",
					"@executable_path/Frameworks",
					"@loader_path/Frameworks",
				);
				MARKETING_VERSION = 1.0;
				PRODUCT_BUNDLE_IDENTIFIER = "IvanDosev.ESP-relayUITests";
				PRODUCT_NAME = "$(TARGET_NAME)";
				SWIFT_EMIT_LOC_STRINGS = NO;
				SWIFT_VERSION = 5.0;
				TARGETED_DEVICE_FAMILY = "1,2";
				TEST_TARGET_NAME = "ESP-relay";
			};
			name = Debug;
		};
		6E4451BE2796B7AE0095B0B6 /* Release */ = {
			isa = XCBuildConfiguration;
			buildSettings = {
				ALWAYS_EMBED_SWIFT_STANDARD_LIBRARIES = YES;
				CODE_SIGN_STYLE = Automatic;
				CURRENT_PROJECT_VERSION = 1;
				DEVELOPMENT_TEAM = 2FYTR3E5Q9;
				GENERATE_INFOPLIST_FILE = YES;
				LD_RUNPATH_SEARCH_PATHS = (
					"$(inherited)",
					"@executable_path/Frameworks",
					"@loader_path/Frameworks",
				);
				MARKETING_VERSION = 1.0;
				PRODUCT_BUNDLE_IDENTIFIER = "IvanDosev.ESP-relayUITests";
				PRODUCT_NAME = "$(TARGET_NAME)";
				SWIFT_EMIT_LOC_STRINGS = NO;
				SWIFT_VERSION = 5.0;
				TARGETED_DEVICE_FAMILY = "1,2";
				TEST_TARGET_NAME = "ESP-relay";
			};
			name = Release;
		};
/* End XCBuildConfiguration section */

/* Begin XCConfigurationList section */
		6E44518D2796B7AE0095B0B6 /* Build configuration list for PBXProject "ESP-relay" */ = {
			isa = XCConfigurationList;
			buildConfigurations = (
				6E4451B42796B7AE0095B0B6 /* Debug */,
				6E4451B52796B7AE0095B0B6 /* Release */,
			);
			defaultConfigurationIsVisible = 0;
			defaultConfigurationName = Release;
		};
		6E4451B62796B7AE0095B0B6 /* Build configuration list for PBXNativeTarget "ESP-relay" */ = {
			isa = XCConfigurationList;
			buildConfigurations = (
				6E4451B72796B7AE0095B0B6 /* Debug */,
				6E4451B82796B7AE0095B0B6 /* Release */,
			);
			defaultConfigurationIsVisible = 0;
			defaultConfigurationName = Release;
		};
		6E4451B92796B7AE0095B0B6 /* Build configuration list for PBXNativeTarget "ESP-relayTests" */ = {
			isa = XCConfigurationList;
			buildConfigurations = (
				6E4451BA2796B7AE0095B0B6 /* Debug */,
				6E4451BB2796B7AE0095B0B6 /* Release */,
			);
			defaultConfigurationIsVisible = 0;
			defaultConfigurationName = Release;
		};
		6E4451BC2796B7AE0095B0B6 /* Build configuration list for PBXNativeTarget "ESP-relayUITests" */ = {
			isa = XCConfigurationList;
			buildConfigurations = (
				6E4451BD2796B7AE0095B0B6 /* Debug */,
				6E4451BE2796B7AE0095B0B6 /* Release */,
			);
			defaultConfigurationIsVisible = 0;
			defaultConfigurationName = Release;
		};
/* End XCConfigurationList section */

/* Begin XCRemoteSwiftPackageReference section */
		6E0D63F027972E800059FE23 /* XCRemoteSwiftPackageReference "web3swift" */ = {
			isa = XCRemoteSwiftPackageReference;
			repositoryURL = "https://github.com/skywinder/web3swift.git";
			requirement = {
				kind = upToNextMajorVersion;
				minimumVersion = 2.0.0;
			};
		};
		6E4451C42796B9380095B0B6 /* XCRemoteSwiftPackageReference "firebase-ios-sdk" */ = {
			isa = XCRemoteSwiftPackageReference;
			repositoryURL = "https://github.com/firebase/firebase-ios-sdk.git";
			requirement = {
				kind = upToNextMajorVersion;
				minimumVersion = 8.0.0;
			};
		};
/* End XCRemoteSwiftPackageReference section */

/* Begin XCSwiftPackageProductDependency section */
		6E0D63F127972E800059FE23 /* web3swift */ = {
			isa = XCSwiftPackageProductDependency;
			package = 6E0D63F027972E800059FE23 /* XCRemoteSwiftPackageReference "web3swift" */;
			productName = web3swift;
		};
		6E4451C52796B9380095B0B6 /* FirebaseDatabase */ = {
			isa = XCSwiftPackageProductDependency;
			package = 6E4451C42796B9380095B0B6 /* XCRemoteSwiftPackageReference "firebase-ios-sdk" */;
			productName = FirebaseDatabase;
		};
		6E4451C72796B9380095B0B6 /* FirebaseDatabaseSwift-Beta */ = {
			isa = XCSwiftPackageProductDependency;
			package = 6E4451C42796B9380095B0B6 /* XCRemoteSwiftPackageReference "firebase-ios-sdk" */;
			productName = "FirebaseDatabaseSwift-Beta";
		};
		6E4451C92796B9380095B0B6 /* FirebaseFirestore */ = {
			isa = XCSwiftPackageProductDependency;
			package = 6E4451C42796B9380095B0B6 /* XCRemoteSwiftPackageReference "firebase-ios-sdk" */;
			productName = FirebaseFirestore;
		};
		6E4451CB2796B9380095B0B6 /* FirebaseFirestoreSwift-Beta */ = {
			isa = XCSwiftPackageProductDependency;
			package = 6E4451C42796B9380095B0B6 /* XCRemoteSwiftPackageReference "firebase-ios-sdk" */;
			productName = "FirebaseFirestoreSwift-Beta";
		};
		6E4451CD2796B9380095B0B6 /* FirebaseStorage */ = {
			isa = XCSwiftPackageProductDependency;
			package = 6E4451C42796B9380095B0B6 /* XCRemoteSwiftPackageReference "firebase-ios-sdk" */;
			productName = FirebaseStorage;
		};
		6E4451CF2796B9380095B0B6 /* FirebaseStorageSwift-Beta */ = {
			isa = XCSwiftPackageProductDependency;
			package = 6E4451C42796B9380095B0B6 /* XCRemoteSwiftPackageReference "firebase-ios-sdk" */;
			productName = "FirebaseStorageSwift-Beta";
		};
/* End XCSwiftPackageProductDependency section */
	};
	rootObject = 6E44518A2796B7AE0095B0B6 /* Project object */;
}
